[[package]]
name = "asgiref"
version = "3.4.1"
description = "ASGI specs, helper code, and adapters"
category = "main"
optional = false
python-versions = ">=3.6"

[package.extras]
tests = ["pytest", "pytest-asyncio", "mypy (>=0.800)"]

[[package]]
name = "autopep8"
version = "1.5.7"
description = "A tool that automatically formats Python code to conform to the PEP 8 style guide"
category = "dev"
optional = false
python-versions = "*"

[package.dependencies]
pycodestyle = ">=2.7.0"
toml = "*"

[[package]]
name = "django"
version = "3.2.7"
description = "A high-level Python Web framework that encourages rapid development and clean, pragmatic design."
category = "main"
optional = false
python-versions = ">=3.6"

[package.dependencies]
asgiref = ">=3.3.2,<4"
pytz = "*"
sqlparse = ">=0.2.2"

[package.extras]
argon2 = ["argon2-cffi (>=19.1.0)"]
bcrypt = ["bcrypt"]

[[package]]
name = "django-environ"
version = "0.6.0"
description = "A package that allows you to utilize 12factor inspired environment variables to configure your Django application."
category = "main"
optional = false
python-versions = ">=3.4,<4"

[package.extras]
develop = ["coverage[toml] (>=5.0a4)", "pytest (>=4.6.11)", "furo (>=2021.8.17b43,<2021.9.0)", "sphinx (>=3.5.0)", "sphinx-notfound-page"]
docs = ["furo (>=2021.8.17b43,<2021.9.0)", "sphinx (>=3.5.0)", "sphinx-notfound-page"]
testing = ["coverage[toml] (>=5.0a4)", "pytest (>=4.6.11)"]

[[package]]
name = "djangorestframework"
version = "3.12.4"
description = "Web APIs for Django, made easy."
category = "main"
optional = false
python-versions = ">=3.5"

[package.dependencies]
django = ">=2.2"

[[package]]
name = "flake8"
version = "3.9.2"
description = "the modular source code checker: pep8 pyflakes and co"
category = "main"
optional = false
python-versions = "!=3.0.*,!=3.1.*,!=3.2.*,!=3.3.*,!=3.4.*,>=2.7"

[package.dependencies]
mccabe = ">=0.6.0,<0.7.0"
pycodestyle = ">=2.7.0,<2.8.0"
pyflakes = ">=2.3.0,<2.4.0"

[[package]]
name = "injector"
version = "0.18.4"
description = "Injector - Python dependency injection framework, inspired by Guice"
category = "main"
optional = false
python-versions = "*"

[package.dependencies]
typing-extensions = {version = ">=3.7.4", markers = "python_version < \"3.9\""}

[[package]]
name = "mccabe"
version = "0.6.1"
description = "McCabe checker, plugin for flake8"
category = "main"
optional = false
python-versions = "*"

[[package]]
name = "mysqlclient"
version = "2.0.3"
description = "Python interface to MySQL"
category = "main"
optional = false
python-versions = ">=3.5"

[[package]]
name = "pycodestyle"
version = "2.7.0"
description = "Python style guide checker"
category = "main"
optional = false
python-versions = ">=2.7, !=3.0.*, !=3.1.*, !=3.2.*, !=3.3.*"

[[package]]
name = "pyflakes"
version = "2.3.1"
description = "passive checker of Python programs"
category = "main"
optional = false
python-versions = ">=2.7, !=3.0.*, !=3.1.*, !=3.2.*, !=3.3.*"

[[package]]
name = "pytz"
version = "2021.1"
description = "World timezone definitions, modern and historical"
category = "main"
optional = false
python-versions = "*"

[[package]]
name = "sqlparse"
version = "0.4.1"
description = "A non-validating SQL parser."
category = "main"
optional = false
python-versions = ">=3.5"

[[package]]
name = "toml"
version = "0.10.2"
description = "Python Library for Tom's Obvious, Minimal Language"
category = "dev"
optional = false
python-versions = ">=2.6, !=3.0.*, !=3.1.*, !=3.2.*"

[[package]]
name = "typing-extensions"
version = "3.10.0.2"
description = "Backported and Experimental Type Hints for Python 3.5+"
category = "main"
optional = false
python-versions = "*"

[metadata]
lock-version = "1.1"
python-versions = "^3.8"
content-hash = "079f580d0825a89d344be8db95966f383bb411eb5437193b65a4b57b1cf77bc4"

[metadata.files]
asgiref = [
    {file = "asgiref-3.4.1-py3-none-any.whl", hash = "sha256:ffc141aa908e6f175673e7b1b3b7af4fdb0ecb738fc5c8b88f69f055c2415214"},
    {file = "asgiref-3.4.1.tar.gz", hash = "sha256:4ef1ab46b484e3c706329cedeff284a5d40824200638503f5768edb6de7d58e9"},
]
autopep8 = [
    {file = "autopep8-1.5.7-py2.py3-none-any.whl", hash = "sha256:aa213493c30dcdac99537249ee65b24af0b2c29f2e83cd8b3f68760441ed0db9"},
    {file = "autopep8-1.5.7.tar.gz", hash = "sha256:276ced7e9e3cb22e5d7c14748384a5cf5d9002257c0ed50c0e075b68011bb6d0"},
]
django = [
    {file = "Django-3.2.7-py3-none-any.whl", hash = "sha256:e93c93565005b37ddebf2396b4dc4b6913c1838baa82efdfb79acedd5816c240"},
    {file = "Django-3.2.7.tar.gz", hash = "sha256:95b318319d6997bac3595517101ad9cc83fe5672ac498ba48d1a410f47afecd2"},
]
django-environ = [
    {file = "django-environ-0.6.0.tar.gz", hash = "sha256:6b3ce447f31c5a5144671d754baa0819c9bde2fb34dcdc05ba619a97f4567e5a"},
    {file = "django_environ-0.6.0-py2.py3-none-any.whl", hash = "sha256:f63b6489ee2113239fe60cdf94efc93a2b42ac07aefb5b5182d401b4fa820374"},
]
djangorestframework = [
    {file = "djangorestframework-3.12.4-py3-none-any.whl", hash = "sha256:6d1d59f623a5ad0509fe0d6bfe93cbdfe17b8116ebc8eda86d45f6e16e819aaf"},
    {file = "djangorestframework-3.12.4.tar.gz", hash = "sha256:f747949a8ddac876e879190df194b925c177cdeb725a099db1460872f7c0a7f2"},
]
flake8 = [
    {file = "flake8-3.9.2-py2.py3-none-any.whl", hash = "sha256:bf8fd333346d844f616e8d47905ef3a3384edae6b4e9beb0c5101e25e3110907"},
    {file = "flake8-3.9.2.tar.gz", hash = "sha256:07528381786f2a6237b061f6e96610a4167b226cb926e2aa2b6b1d78057c576b"},
]
injector = [
    {file = "injector-0.18.4-py2.py3-none-any.whl", hash = "sha256:9e6e7e63050630b2fc3fe1472bdc7ae5f98ca0242ca8506f562f3d9836170f91"},
    {file = "injector-0.18.4.tar.gz", hash = "sha256:ced88ee14183b9f95b2cb6cdb17bf7382499fad187dee0dace6891874ae4b182"},
]
mccabe = [
    {file = "mccabe-0.6.1-py2.py3-none-any.whl", hash = "sha256:ab8a6258860da4b6677da4bd2fe5dc2c659cff31b3ee4f7f5d64e79735b80d42"},
    {file = "mccabe-0.6.1.tar.gz", hash = "sha256:dd8d182285a0fe56bace7f45b5e7d1a6ebcbf524e8f3bd87eb0f125271b8831f"},
]
mysqlclient = [
    {file = "mysqlclient-2.0.3-cp36-cp36m-win_amd64.whl", hash = "sha256:3381ca1a4f37ff1155fcfde20836b46416d66531add8843f6aa6d968982731c3"},
    {file = "mysqlclient-2.0.3-cp37-cp37m-win_amd64.whl", hash = "sha256:0ac0dd759c4ca02c35a9fedc24bc982cf75171651e8187c2495ec957a87dfff7"},
    {file = "mysqlclient-2.0.3-cp38-cp38-win_amd64.whl", hash = "sha256:71c4b330cf2313bbda0307fc858cc9055e64493ba9bf28454d25cf8b3ee8d7f5"},
    {file = "mysqlclient-2.0.3-cp39-cp39-win_amd64.whl", hash = "sha256:fc575093cf81b6605bed84653e48b277318b880dc9becf42dd47fa11ffd3e2b6"},
    {file = "mysqlclient-2.0.3.tar.gz", hash = "sha256:f6ebea7c008f155baeefe16c56cd3ee6239f7a5a9ae42396c2f1860f08a7c432"},
]
pycodestyle = [
    {file = "pycodestyle-2.7.0-py2.py3-none-any.whl", hash = "sha256:514f76d918fcc0b55c6680472f0a37970994e07bbb80725808c17089be302068"},
    {file = "pycodestyle-2.7.0.tar.gz", hash = "sha256:c389c1d06bf7904078ca03399a4816f974a1d590090fecea0c63ec26ebaf1cef"},
]
pyflakes = [
    {file = "pyflakes-2.3.1-py2.py3-none-any.whl", hash = "sha256:7893783d01b8a89811dd72d7dfd4d84ff098e5eed95cfa8905b22bbffe52efc3"},
    {file = "pyflakes-2.3.1.tar.gz", hash = "sha256:f5bc8ecabc05bb9d291eb5203d6810b49040f6ff446a756326104746cc00c1db"},
]
pytz = [
    {file = "pytz-2021.1-py2.py3-none-any.whl", hash = "sha256:eb10ce3e7736052ed3623d49975ce333bcd712c7bb19a58b9e2089d4057d0798"},
    {file = "pytz-2021.1.tar.gz", hash = "sha256:83a4a90894bf38e243cf052c8b58f381bfe9a7a483f6a9cab140bc7f702ac4da"},
]
sqlparse = [
    {file = "sqlparse-0.4.1-py3-none-any.whl", hash = "sha256:017cde379adbd6a1f15a61873f43e8274179378e95ef3fede90b5aa64d304ed0"},
    {file = "sqlparse-0.4.1.tar.gz", hash = "sha256:0f91fd2e829c44362cbcfab3e9ae12e22badaa8a29ad5ff599f9ec109f0454e8"},
]
toml = [
    {file = "toml-0.10.2-py2.py3-none-any.whl", hash = "sha256:806143ae5bfb6a3c6e736a764057db0e6a0e05e338b5630894a5f779cabb4f9b"},
    {file = "toml-0.10.2.tar.gz", hash = "sha256:b3bda1d108d5dd99f4a20d24d9c348e91c4db7ab1b749200bded2f839ccbe68f"},
]
typing-extensions = [
    {file = "typing_extensions-3.10.0.2-py2-none-any.whl", hash = "sha256:d8226d10bc02a29bcc81df19a26e56a9647f8b0a6d4a83924139f4a8b01f17b7"},
    {file = "typing_extensions-3.10.0.2-py3-none-any.whl", hash = "sha256:f1d25edafde516b146ecd0613dabcc61409817af4766fbbcfb8d1ad4ec441a34"},
    {file = "typing_extensions-3.10.0.2.tar.gz", hash = "sha256:49f75d16ff11f1cd258e1b988ccff82a3ca5570217d7ad8c5f48205dd99a677e"},
]
